// !$*UTF8*$!
{
	archiveVersion = 1;
	classes = {
	};
	objectVersion = 56;
	objects = {

/* Begin PBXBuildFile section */
		1807E8F32B4DA0A900F06827 /* AppDelegate.swift in Sources */ = {isa = PBXBuildFile; fileRef = 1807E8F22B4DA0A900F06827 /* AppDelegate.swift */; };
		1807E8F52B4DA0A900F06827 /* SceneDelegate.swift in Sources */ = {isa = PBXBuildFile; fileRef = 1807E8F42B4DA0A900F06827 /* SceneDelegate.swift */; };
		1807E8F72B4DA0A900F06827 /* ViewController.swift in Sources */ = {isa = PBXBuildFile; fileRef = 1807E8F62B4DA0A900F06827 /* ViewController.swift */; };
		1807E8FA2B4DA0A900F06827 /* Main.storyboard in Resources */ = {isa = PBXBuildFile; fileRef = 1807E8F82B4DA0A900F06827 /* Main.storyboard */; };
		1807E8FC2B4DA0BB00F06827 /* Assets.xcassets in Resources */ = {isa = PBXBuildFile; fileRef = 1807E8FB2B4DA0BB00F06827 /* Assets.xcassets */; };
		1807E8FF2B4DA0BB00F06827 /* LaunchScreen.storyboard in Resources */ = {isa = PBXBuildFile; fileRef = 1807E8FD2B4DA0BB00F06827 /* LaunchScreen.storyboard */; };
		1807E9082B4DA16900F06827 /* UiviewController+Extension.swift in Sources */ = {isa = PBXBuildFile; fileRef = 1807E9072B4DA16900F06827 /* UiviewController+Extension.swift */; };
		1807E90B2B4DA38500F06827 /* SubmitStyle.swift in Sources */ = {isa = PBXBuildFile; fileRef = 1807E90A2B4DA38500F06827 /* SubmitStyle.swift */; };
		1807E90D2B4DA3E800F06827 /* UIview+Extension.swift in Sources */ = {isa = PBXBuildFile; fileRef = 1807E90C2B4DA3E800F06827 /* UIview+Extension.swift */; };
		1807E9112B4DA4C700F06827 /* UISegments.swift in Sources */ = {isa = PBXBuildFile; fileRef = 1807E90F2B4DA4C700F06827 /* UISegments.swift */; };
		1807E9122B4DA4C700F06827 /* UISegments.xib in Resources */ = {isa = PBXBuildFile; fileRef = 1807E9102B4DA4C700F06827 /* UISegments.xib */; };
		1807E9152B4DB1E500F06827 /* SegmentCell.swift in Sources */ = {isa = PBXBuildFile; fileRef = 1807E9142B4DB1E500F06827 /* SegmentCell.swift */; };
		1807E9172B4DB1F400F06827 /* SegmentCell.xib in Resources */ = {isa = PBXBuildFile; fileRef = 1807E9162B4DB1F400F06827 /* SegmentCell.xib */; };
		1807E91A2B4DB36C00F06827 /* SegmentProtocol.swift in Sources */ = {isa = PBXBuildFile; fileRef = 1807E9192B4DB36C00F06827 /* SegmentProtocol.swift */; };
/* End PBXBuildFile section */

/* Begin PBXFileReference section */
		1807E8EF2B4DA0A900F06827 /* DynamicSegmentSwift.app */ = {isa = PBXFileReference; explicitFileType = wrapper.application; includeInIndex = 0; path = DynamicSegmentSwift.app; sourceTree = BUILT_PRODUCTS_DIR; };
		1807E8F22B4DA0A900F06827 /* AppDelegate.swift */ = {isa = PBXFileReference; lastKnownFileType = sourcecode.swift; path = AppDelegate.swift; sourceTree = "<group>"; };
		1807E8F42B4DA0A900F06827 /* SceneDelegate.swift */ = {isa = PBXFileReference; lastKnownFileType = sourcecode.swift; path = SceneDelegate.swift; sourceTree = "<group>"; };
		1807E8F62B4DA0A900F06827 /* ViewController.swift */ = {isa = PBXFileReference; lastKnownFileType = sourcecode.swift; path = ViewController.swift; sourceTree = "<group>"; };
		1807E8F92B4DA0A900F06827 /* Base */ = {isa = PBXFileReference; lastKnownFileType = file.storyboard; name = Base; path = Base.lproj/Main.storyboard; sourceTree = "<group>"; };
		1807E8FB2B4DA0BB00F06827 /* Assets.xcassets */ = {isa = PBXFileReference; lastKnownFileType = folder.assetcatalog; path = Assets.xcassets; sourceTree = "<group>"; };
		1807E8FE2B4DA0BB00F06827 /* Base */ = {isa = PBXFileReference; lastKnownFileType = file.storyboard; name = Base; path = Base.lproj/LaunchScreen.storyboard; sourceTree = "<group>"; };
		1807E9002B4DA0BB00F06827 /* Info.plist */ = {isa = PBXFileReference; lastKnownFileType = text.plist.xml; path = Info.plist; sourceTree = "<group>"; };
		1807E9072B4DA16900F06827 /* UiviewController+Extension.swift */ = {isa = PBXFileReference; lastKnownFileType = sourcecode.swift; path = "UiviewController+Extension.swift"; sourceTree = "<group>"; };
		1807E90A2B4DA38500F06827 /* SubmitStyle.swift */ = {isa = PBXFileReference; lastKnownFileType = sourcecode.swift; path = SubmitStyle.swift; sourceTree = "<group>"; };
		1807E90C2B4DA3E800F06827 /* UIview+Extension.swift */ = {isa = PBXFileReference; lastKnownFileType = sourcecode.swift; path = "UIview+Extension.swift"; sourceTree = "<group>"; };
		1807E90F2B4DA4C700F06827 /* UISegments.swift */ = {isa = PBXFileReference; lastKnownFileType = sourcecode.swift; path = UISegments.swift; sourceTree = "<group>"; };
		1807E9102B4DA4C700F06827 /* UISegments.xib */ = {isa = PBXFileReference; lastKnownFileType = file.xib; path = UISegments.xib; sourceTree = "<group>"; };
		1807E9142B4DB1E500F06827 /* SegmentCell.swift */ = {isa = PBXFileReference; lastKnownFileType = sourcecode.swift; path = SegmentCell.swift; sourceTree = "<group>"; };
		1807E9162B4DB1F400F06827 /* SegmentCell.xib */ = {isa = PBXFileReference; lastKnownFileType = file.xib; path = SegmentCell.xib; sourceTree = "<group>"; };
		1807E9192B4DB36C00F06827 /* SegmentProtocol.swift */ = {isa = PBXFileReference; lastKnownFileType = sourcecode.swift; path = SegmentProtocol.swift; sourceTree = "<group>"; };
/* End PBXFileReference section */

/* Begin PBXFrameworksBuildPhase section */
		1807E8EC2B4DA0A900F06827 /* Frameworks */ = {
			isa = PBXFrameworksBuildPhase;
			buildActionMask = 2147483647;
			files = (
			);
			runOnlyForDeploymentPostprocessing = 0;
		};
/* End PBXFrameworksBuildPhase section */

/* Begin PBXGroup section */
		1807E8E62B4DA0A900F06827 = {
			isa = PBXGroup;
			children = (
				1807E8F12B4DA0A900F06827 /* DynamicSegmentSwift */,
				1807E8F02B4DA0A900F06827 /* Products */,
			);
			sourceTree = "<group>";
		};
		1807E8F02B4DA0A900F06827 /* Products */ = {
			isa = PBXGroup;
			children = (
				1807E8EF2B4DA0A900F06827 /* DynamicSegmentSwift.app */,
			);
			name = Products;
			sourceTree = "<group>";
		};
		1807E8F12B4DA0A900F06827 /* DynamicSegmentSwift */ = {
			isa = PBXGroup;
			children = (
				1807E9132B4DB1B600F06827 /* SementCell */,
				1807E9092B4DA34500F06827 /* SubClass */,
				1807E9062B4DA15100F06827 /* Extension */,
				1807E8F22B4DA0A900F06827 /* AppDelegate.swift */,
				1807E8F42B4DA0A900F06827 /* SceneDelegate.swift */,
				1807E8F62B4DA0A900F06827 /* ViewController.swift */,
				1807E90E2B4DA49000F06827 /* SengmentsController */,
				1807E8F82B4DA0A900F06827 /* Main.storyboard */,
				1807E8FB2B4DA0BB00F06827 /* Assets.xcassets */,
				1807E8FD2B4DA0BB00F06827 /* LaunchScreen.storyboard */,
				1807E9002B4DA0BB00F06827 /* Info.plist */,
			);
			path = DynamicSegmentSwift;
			sourceTree = "<group>";
		};
		1807E9062B4DA15100F06827 /* Extension */ = {
			isa = PBXGroup;
			children = (
				1807E9072B4DA16900F06827 /* UiviewController+Extension.swift */,
				1807E90C2B4DA3E800F06827 /* UIview+Extension.swift */,
			);
			path = Extension;
			sourceTree = "<group>";
		};
		1807E9092B4DA34500F06827 /* SubClass */ = {
			isa = PBXGroup;
			children = (
				1807E90A2B4DA38500F06827 /* SubmitStyle.swift */,
			);
			path = SubClass;
			sourceTree = "<group>";
		};
		1807E90E2B4DA49000F06827 /* SengmentsController */ = {
			isa = PBXGroup;
			children = (
				1807E90F2B4DA4C700F06827 /* UISegments.swift */,
				1807E9102B4DA4C700F06827 /* UISegments.xib */,
			);
			path = SengmentsController;
			sourceTree = "<group>";
		};
		1807E9132B4DB1B600F06827 /* SementCell */ = {
			isa = PBXGroup;
			children = (
				1807E9182B4DB33C00F06827 /* Protocols */,
				1807E9142B4DB1E500F06827 /* SegmentCell.swift */,
				1807E9162B4DB1F400F06827 /* SegmentCell.xib */,
			);
			path = SementCell;
			sourceTree = "<group>";
		};
		1807E9182B4DB33C00F06827 /* Protocols */ = {
			isa = PBXGroup;
			children = (
				1807E9192B4DB36C00F06827 /* SegmentProtocol.swift */,
			);
			path = Protocols;
			sourceTree = "<group>";
		};
/* End PBXGroup section */

/* Begin PBXNativeTarget section */
		1807E8EE2B4DA0A900F06827 /* DynamicSegmentSwift */ = {
			isa = PBXNativeTarget;
			buildConfigurationList = 1807E9032B4DA0BB00F06827 /* Build configuration list for PBXNativeTarget "DynamicSegmentSwift" */;
			buildPhases = (
				1807E8EB2B4DA0A900F06827 /* Sources */,
				1807E8EC2B4DA0A900F06827 /* Frameworks */,
				1807E8ED2B4DA0A900F06827 /* Resources */,
			);
			buildRules = (
			);
			dependencies = (
			);
			name = DynamicSegmentSwift;
			productName = DynamicSegmentSwift;
			productReference = 1807E8EF2B4DA0A900F06827 /* DynamicSegmentSwift.app */;
			productType = "com.apple.product-type.application";
		};
/* End PBXNativeTarget section */

/* Begin PBXProject section */
		1807E8E72B4DA0A900F06827 /* Project object */ = {
			isa = PBXProject;
			attributes = {
				BuildIndependentTargetsInParallel = 1;
				LastSwiftUpdateCheck = 1500;
				LastUpgradeCheck = 1500;
				TargetAttributes = {
					1807E8EE2B4DA0A900F06827 = {
						CreatedOnToolsVersion = 15.0.1;
					};
				};
			};
			buildConfigurationList = 1807E8EA2B4DA0A900F06827 /* Build configuration list for PBXProject "DynamicSegmentSwift" */;
			compatibilityVersion = "Xcode 14.0";
			developmentRegion = en;
			hasScannedForEncodings = 0;
			knownRegions = (
				en,
				Base,
			);
			mainGroup = 1807E8E62B4DA0A900F06827;
			productRefGroup = 1807E8F02B4DA0A900F06827 /* Products */;
			projectDirPath = "";
			projectRoot = "";
			targets = (
				1807E8EE2B4DA0A900F06827 /* DynamicSegmentSwift */,
			);
		};
/* End PBXProject section */

/* Begin PBXResourcesBuildPhase section */
		1807E8ED2B4DA0A900F06827 /* Resources */ = {
			isa = PBXResourcesBuildPhase;
			buildActionMask = 2147483647;
			files = (
				1807E8FF2B4DA0BB00F06827 /* LaunchScreen.storyboard in Resources */,
				1807E8FC2B4DA0BB00F06827 /* Assets.xcassets in Resources */,
				1807E9172B4DB1F400F06827 /* SegmentCell.xib in Resources */,
				1807E8FA2B4DA0A900F06827 /* Main.storyboard in Resources */,
				1807E9122B4DA4C700F06827 /* UISegments.xib in Resources */,
			);
			runOnlyForDeploymentPostprocessing = 0;
		};
/* End PBXResourcesBuildPhase section */

/* Begin PBXSourcesBuildPhase section */
		1807E8EB2B4DA0A900F06827 /* Sources */ = {
			isa = PBXSourcesBuildPhase;
			buildActionMask = 2147483647;
			files = (
				1807E9082B4DA16900F06827 /* UiviewController+Extension.swift in Sources */,
				1807E8F72B4DA0A900F06827 /* ViewController.swift in Sources */,
				1807E90B2B4DA38500F06827 /* SubmitStyle.swift in Sources */,
				1807E91A2B4DB36C00F06827 /* SegmentProtocol.swift in Sources */,
				1807E9112B4DA4C700F06827 /* UISegments.swift in Sources */,
				1807E8F32B4DA0A900F06827 /* AppDelegate.swift in Sources */,
				1807E90D2B4DA3E800F06827 /* UIview+Extension.swift in Sources */,
				1807E8F52B4DA0A900F06827 /* SceneDelegate.swift in Sources */,
				1807E9152B4DB1E500F06827 /* SegmentCell.swift in Sources */,
			);
			runOnlyForDeploymentPostprocessing = 0;
		};
/* End PBXSourcesBuildPhase section */

/* Begin PBXVariantGroup section */
		1807E8F82B4DA0A900F06827 /* Main.storyboard */ = {
			isa = PBXVariantGroup;
			children = (
				1807E8F92B4DA0A900F06827 /* Base */,
			);
			name = Main.storyboard;
			sourceTree = "<group>";
		};
		1807E8FD2B4DA0BB00F06827 /* LaunchScreen.storyboard */ = {
			isa = PBXVariantGroup;
			children = (
				1807E8FE2B4DA0BB00F06827 /* Base */,
			);
			name = LaunchScreen.storyboard;
			sourceTree = "<group>";
		};
/* End PBXVariantGroup section */

/* Begin XCBuildConfiguration section */
		1807E9012B4DA0BB00F06827 /* Debug */ = {
			isa = XCBuildConfiguration;
			buildSettings = {
				ALWAYS_SEARCH_USER_PATHS = NO;
				ASSETCATALOG_COMPILER_GENERATE_SWIFT_ASSET_SYMBOL_EXTENSIONS = YES;
				CLANG_ANALYZER_NONNULL = YES;
				CLANG_ANALYZER_NUMBER_OBJECT_CONVERSION = YES_AGGRESSIVE;
				CLANG_CXX_LANGUAGE_STANDARD = "gnu++20";
				CLANG_ENABLE_MODULES = YES;
				CLANG_ENABLE_OBJC_ARC = YES;
				CLANG_ENABLE_OBJC_WEAK = YES;
				CLANG_WARN_BLOCK_CAPTURE_AUTORELEASING = YES;
				CLANG_WARN_BOOL_CONVERSION = YES;
				CLANG_WARN_COMMA = YES;
				CLANG_WARN_CONSTANT_CONVERSION = YES;
				CLANG_WARN_DEPRECATED_OBJC_IMPLEMENTATIONS = YES;
				CLANG_WARN_DIRECT_OBJC_ISA_USAGE = YES_ERROR;
				CLANG_WARN_DOCUMENTATION_COMMENTS = YES;
				CLANG_WARN_EMPTY_BODY = YES;
				CLANG_WARN_ENUM_CONVERSION = YES;
				CLANG_WARN_INFINITE_RECURSION = YES;
				CLANG_WARN_INT_CONVERSION = YES;
				CLANG_WARN_NON_LITERAL_NULL_CONVERSION = YES;
				CLANG_WARN_OBJC_IMPLICIT_RETAIN_SELF = YES;
				CLANG_WARN_OBJC_LITERAL_CONVERSION = YES;
				CLANG_WARN_OBJC_ROOT_CLASS = YES_ERROR;
				CLANG_WARN_QUOTED_INCLUDE_IN_FRAMEWORK_HEADER = YES;
				CLANG_WARN_RANGE_LOOP_ANALYSIS = YES;
				CLANG_WARN_STRICT_PROTOTYPES = YES;
				CLANG_WARN_SUSPICIOUS_MOVE = YES;
				CLANG_WARN_UNGUARDED_AVAILABILITY = YES_AGGRESSIVE;
				CLANG_WARN_UNREACHABLE_CODE = YES;
				CLANG_WARN__DUPLICATE_METHOD_MATCH = YES;
				COPY_PHASE_STRIP = NO;
				DEBUG_INFORMATION_FORMAT = dwarf;
				ENABLE_STRICT_OBJC_MSGSEND = YES;
				ENABLE_TESTABILITY = YES;
				ENABLE_USER_SCRIPT_SANDBOXING = YES;
				GCC_C_LANGUAGE_STANDARD = gnu17;
				GCC_DYNAMIC_NO_PIC = NO;
				GCC_NO_COMMON_BLOCKS = YES;
				GCC_OPTIMIZATION_LEVEL = 0;
				GCC_PREPROCESSOR_DEFINITIONS = (
					"DEBUG=1",
					"$(inherited)",
				);
				GCC_WARN_64_TO_32_BIT_CONVERSION = YES;
				GCC_WARN_ABOUT_RETURN_TYPE = YES_ERROR;
				GCC_WARN_UNDECLARED_SELECTOR = YES;
				GCC_WARN_UNINITIALIZED_AUTOS = YES_AGGRESSIVE;
				GCC_WARN_UNUSED_FUNCTION = YES;
				GCC_WARN_UNUSED_VARIABLE = YES;
				IPHONEOS_DEPLOYMENT_TARGET = 17.0;
				LOCALIZATION_PREFERS_STRING_CATALOGS = YES;
				MTL_ENABLE_DEBUG_INFO = INCLUDE_SOURCE;
				MTL_FAST_MATH = YES;
				ONLY_ACTIVE_ARCH = YES;
				SDKROOT = iphoneos;
				SWIFT_ACTIVE_COMPILATION_CONDITIONS = "DEBUG $(inherited)";
				SWIFT_OPTIMIZATION_LEVEL = "-Onone";
			};
			name = Debug;
		};
		1807E9022B4DA0BB00F06827 /* Release */ = {
			isa = XCBuildConfiguration;
			buildSettings = {
				ALWAYS_SEARCH_USER_PATHS = NO;
				ASSETCATALOG_COMPILER_GENERATE_SWIFT_ASSET_SYMBOL_EXTENSIONS = YES;
				CLANG_ANALYZER_NONNULL = YES;
				CLANG_ANALYZER_NUMBER_OBJECT_CONVERSION = YES_AGGRESSIVE;
				CLANG_CXX_LANGUAGE_STANDARD = "gnu++20";
				CLANG_ENABLE_MODULES = YES;
				CLANG_ENABLE_OBJC_ARC = YES;
				CLANG_ENABLE_OBJC_WEAK = YES;
				CLANG_WARN_BLOCK_CAPTURE_AUTORELEASING = YES;
				CLANG_WARN_BOOL_CONVERSION = YES;
				CLANG_WARN_COMMA = YES;
				CLANG_WARN_CONSTANT_CONVERSION = YES;
				CLANG_WARN_DEPRECATED_OBJC_IMPLEMENTATIONS = YES;
				CLANG_WARN_DIRECT_OBJC_ISA_USAGE = YES_ERROR;
				CLANG_WARN_DOCUMENTATION_COMMENTS = YES;
				CLANG_WARN_EMPTY_BODY = YES;
				CLANG_WARN_ENUM_CONVERSION = YES;
				CLANG_WARN_INFINITE_RECURSION = YES;
				CLANG_WARN_INT_CONVERSION = YES;
				CLANG_WARN_NON_LITERAL_NULL_CONVERSION = YES;
				CLANG_WARN_OBJC_IMPLICIT_RETAIN_SELF = YES;
				CLANG_WARN_OBJC_LITERAL_CONVERSION = YES;
				CLANG_WARN_OBJC_ROOT_CLASS = YES_ERROR;
				CLANG_WARN_QUOTED_INCLUDE_IN_FRAMEWORK_HEADER = YES;
				CLANG_WARN_RANGE_LOOP_ANALYSIS = YES;
				CLANG_WARN_STRICT_PROTOTYPES = YES;
				CLANG_WARN_SUSPICIOUS_MOVE = YES;
				CLANG_WARN_UNGUARDED_AVAILABILITY = YES_AGGRESSIVE;
				CLANG_WARN_UNREACHABLE_CODE = YES;
				CLANG_WARN__DUPLICATE_METHOD_MATCH = YES;
				COPY_PHASE_STRIP = NO;
				DEBUG_INFORMATION_FORMAT = "dwarf-with-dsym";
				ENABLE_NS_ASSERTIONS = NO;
				ENABLE_STRICT_OBJC_MSGSEND = YES;
				ENABLE_USER_SCRIPT_SANDBOXING = YES;
				GCC_C_LANGUAGE_STANDARD = gnu17;
				GCC_NO_COMMON_BLOCKS = YES;
				GCC_WARN_64_TO_32_BIT_CONVERSION = YES;
				GCC_WARN_ABOUT_RETURN_TYPE = YES_ERROR;
				GCC_WARN_UNDECLARED_SELECTOR = YES;
				GCC_WARN_UNINITIALIZED_AUTOS = YES_AGGRESSIVE;
				GCC_WARN_UNUSED_FUNCTION = YES;
				GCC_WARN_UNUSED_VARIABLE = YES;
				IPHONEOS_DEPLOYMENT_TARGET = 17.0;
				LOCALIZATION_PREFERS_STRING_CATALOGS = YES;
				MTL_ENABLE_DEBUG_INFO = NO;
				MTL_FAST_MATH = YES;
				SDKROOT = iphoneos;
				SWIFT_COMPILATION_MODE = wholemodule;
				VALIDATE_PRODUCT = YES;
			};
			name = Release;
		};
		1807E9042B4DA0BB00F06827 /* Debug */ = {
			isa = XCBuildConfiguration;
			buildSettings = {
				ASSETCATALOG_COMPILER_APPICON_NAME = AppIcon;
				ASSETCATALOG_COMPILER_GLOBAL_ACCENT_COLOR_NAME = AccentColor;
				CODE_SIGN_STYLE = Automatic;
				CURRENT_PROJECT_VERSION = 1;
				GENERATE_INFOPLIST_FILE = YES;
				INFOPLIST_FILE = DynamicSegmentSwift/Info.plist;
				INFOPLIST_KEY_UIApplicationSupportsIndirectInputEvents = YES;
				INFOPLIST_KEY_UILaunchStoryboardName = LaunchScreen;
				INFOPLIST_KEY_UIMainStoryboardFile = Main;
				INFOPLIST_KEY_UISupportedInterfaceOrientations_iPad = "UIInterfaceOrientationPortrait UIInterfaceOrientationPortraitUpsideDown UIInterfaceOrientationLandscapeLeft UIInterfaceOrientationLandscapeRight";
				INFOPLIST_KEY_UISupportedInterfaceOrientations_iPhone = "UIInterfaceOrientationPortrait UIInterfaceOrientationLandscapeLeft UIInterfaceOrientationLandscapeRight";
				IPHONEOS_DEPLOYMENT_TARGET = 13.0;
				LD_RUNPATH_SEARCH_PATHS = (
					"$(inherited)",
					"@executable_path/Frameworks",
				);
				MARKETING_VERSION = 1.0;
				PRODUCT_BUNDLE_IDENTIFIER = com.jaya.DynamicSegmentSwift;
				PRODUCT_NAME = "$(TARGET_NAME)";
				SWIFT_EMIT_LOC_STRINGS = YES;
				SWIFT_VERSION = 5.0;
				TARGETED_DEVICE_FAMILY = "1,2";
			};
			name = Debug;
		};
		1807E9052B4DA0BB00F06827 /* Release */ = {
			isa = XCBuildConfiguration;
			buildSettings = {
				ASSETCATALOG_COMPILER_APPICON_NAME = AppIcon;
				ASSETCATALOG_COMPILER_GLOBAL_ACCENT_COLOR_NAME = AccentColor;
				CODE_SIGN_STYLE = Automatic;
				CURRENT_PROJECT_VERSION = 1;
				GENERATE_INFOPLIST_FILE = YES;
				INFOPLIST_FILE = DynamicSegmentSwift/Info.plist;
				INFOPLIST_KEY_UIApplicationSupportsIndirectInputEvents = YES;
				INFOPLIST_KEY_UILaunchStoryboardName = LaunchScreen;
				INFOPLIST_KEY_UIMainStoryboardFile = Main;
				INFOPLIST_KEY_UISupportedInterfaceOrientations_iPad = "UIInterfaceOrientationPortrait UIInterfaceOrientationPortraitUpsideDown UIInterfaceOrientationLandscapeLeft UIInterfaceOrientationLandscapeRight";
				INFOPLIST_KEY_UISupportedInterfaceOrientations_iPhone = "UIInterfaceOrientationPortrait UIInterfaceOrientationLandscapeLeft UIInterfaceOrientationLandscapeRight";
				IPHONEOS_DEPLOYMENT_TARGET = 13.0;
				LD_RUNPATH_SEARCH_PATHS = (
					"$(inherited)",
					"@executable_path/Frameworks",
				);
				MARKETING_VERSION = 1.0;
				PRODUCT_BUNDLE_IDENTIFIER = com.jaya.DynamicSegmentSwift;
				PRODUCT_NAME = "$(TARGET_NAME)";
				SWIFT_EMIT_LOC_STRINGS = YES;
				SWIFT_VERSION = 5.0;
				TARGETED_DEVICE_FAMILY = "1,2";
			};
			name = Release;
		};
/* End XCBuildConfiguration section */

/* Begin XCConfigurationList section */
		1807E8EA2B4DA0A900F06827 /* Build configuration list for PBXProject "DynamicSegmentSwift" */ = {
			isa = XCConfigurationList;
			buildConfigurations = (
				1807E9012B4DA0BB00F06827 /* Debug */,
				1807E9022B4DA0BB00F06827 /* Release */,
			);
			defaultConfigurationIsVisible = 0;
			defaultConfigurationName = Release;
		};
		1807E9032B4DA0BB00F06827 /* Build configuration list for PBXNativeTarget "DynamicSegmentSwift" */ = {
			isa = XCConfigurationList;
			buildConfigurations = (
				1807E9042B4DA0BB00F06827 /* Debug */,
				1807E9052B4DA0BB00F06827 /* Release */,
			);
			defaultConfigurationIsVisible = 0;
			defaultConfigurationName = Release;
		};
/* End XCConfigurationList section */
	};
	rootObject = 1807E8E72B4DA0A900F06827 /* Project object */;
}
